
Microsoft Visual Studio Solution File, Format Version 12.00
# Visual Studio Version 17
VisualStudioVersion = 17.4.33110.190
MinimumVisualStudioVersion = 10.0.40219.1
Project("{FAE04EC0-301F-11D3-BF4B-00C04F79EFBC}") = "TOKENBASEDAUTH", "TOKENBASEDAUTH\TOKENBASEDAUTH.csproj", "{47EB6CFF-5A44-4F81-9FBB-917FE3E6974E}"
EndProject
Global
	GlobalSection(SolutionConfigurationPlatforms) = preSolution
		Debug|Any CPU = Debug|Any CPU
		Release|Any CPU = Release|Any CPU
	EndGlobalSection
	GlobalSection(ProjectConfigurationPlatforms) = postSolution
		{47EB6CFF-5A44-4F81-9FBB-917FE3E6974E}.Debug|Any CPU.ActiveCfg = Debug|Any CPU
		{47EB6CFF-5A44-4F81-9FBB-917FE3E6974E}.Debug|Any CPU.Build.0 = Debug|Any CPU
		{47EB6CFF-5A44-4F81-9FBB-917FE3E6974E}.Release|Any CPU.ActiveCfg = Release|Any CPU
		{47EB6CFF-5A44-4F81-9FBB-917FE3E6974E}.Release|Any CPU.Build.0 = Release|Any CPU
	EndGlobalSection
	GlobalSection(SolutionProperties) = preSolution
		HideSolutionNode = FALSE
	EndGlobalSection
	GlobalSection(ExtensibilityGlobals) = postSolution
		SolutionGuid = {45BA93E5-BFDD-4746-915C-F499FA53827B}
	EndGlobalSection
EndGlobal
